
Microsoft Visual Studio Solution File, Format Version 12.00
# Visual Studio Version 16
VisualStudioVersion = 16.0.29009.5
MinimumVisualStudioVersion = 10.0.40219.1
Project("{FAE04EC0-301F-11D3-BF4B-00C04F79EFBC}") = "KaziDocs3", "KaziDocs3\KaziDocs3.csproj", "{0D2F5454-F16E-4F49-A0B1-59F23D13502B}"
EndProject
Global
	GlobalSection(SolutionConfigurationPlatforms) = preSolution
		Debug|Any CPU = Debug|Any CPU
		Release|Any CPU = Release|Any CPU
	EndGlobalSection
	GlobalSection(ProjectConfigurationPlatforms) = postSolution
		{0D2F5454-F16E-4F49-A0B1-59F23D13502B}.Debug|Any CPU.ActiveCfg = Debug|Any CPU
		{0D2F5454-F16E-4F49-A0B1-59F23D13502B}.Debug|Any CPU.Build.0 = Debug|Any CPU
		{0D2F5454-F16E-4F49-A0B1-59F23D13502B}.Release|Any CPU.ActiveCfg = Release|Any CPU
		{0D2F5454-F16E-4F49-A0B1-59F23D13502B}.Release|Any CPU.Build.0 = Release|Any CPU
	EndGlobalSection
	GlobalSection(SolutionProperties) = preSolution
		HideSolutionNode = FALSE
	EndGlobalSection
	GlobalSection(ExtensibilityGlobals) = postSolution
		SolutionGuid = {375193DB-8CD8-4FAB-9EC8-1D7D624C6AC4}
	EndGlobalSection
EndGlobal
